
Microsoft Visual Studio Solution File, Format Version 12.00
# Visual Studio Version 16
VisualStudioVersion = 16.0.30517.126
MinimumVisualStudioVersion = 10.0.40219.1
Project("{FAE04EC0-301F-11D3-BF4B-00C04F79EFBC}") = "WpfApp1", "WpfApp1\WpfApp1.csproj", "{5F48508F-E9A0-4184-B8BD-0D0A25DFE07A}"
EndProject
Global
	GlobalSection(SolutionConfigurationPlatforms) = preSolution
		Debug|Any CPU = Debug|Any CPU
		Release|Any CPU = Release|Any CPU
	EndGlobalSection
	GlobalSection(ProjectConfigurationPlatforms) = postSolution
		{5F48508F-E9A0-4184-B8BD-0D0A25DFE07A}.Debug|Any CPU.ActiveCfg = Debug|Any CPU
		{5F48508F-E9A0-4184-B8BD-0D0A25DFE07A}.Debug|Any CPU.Build.0 = Debug|Any CPU
		{5F48508F-E9A0-4184-B8BD-0D0A25DFE07A}.Release|Any CPU.ActiveCfg = Release|Any CPU
		{5F48508F-E9A0-4184-B8BD-0D0A25DFE07A}.Release|Any CPU.Build.0 = Release|Any CPU
	EndGlobalSection
	GlobalSection(SolutionProperties) = preSolution
		HideSolutionNode = FALSE
	EndGlobalSection
	GlobalSection(ExtensibilityGlobals) = postSolution
		SolutionGuid = {E3B7120A-51C1-4CD3-ACB9-1AA8DA206123}
	EndGlobalSection
EndGlobal
